
Microsoft Visual Studio Solution File, Format Version 12.00
# Visual Studio Version 16
VisualStudioVersion = 16.0.31019.35
MinimumVisualStudioVersion = 10.0.40219.1
Project("{9A19103F-16F7-4668-BE54-9A1E7A4F7556}") = "ResolutionsPsych", "ResolutionsPsych.csproj", "{CF7A8985-D3E0-43F6-8225-8F4CF9EB6AC6}"
EndProject
Project("{9A19103F-16F7-4668-BE54-9A1E7A4F7556}") = "XUnitTestProject", "..\XUnitTestProject\XUnitTestProject.csproj", "{521D53F8-44EF-4364-B004-9F90D5C775AC}"
EndProject
Global
	GlobalSection(SolutionConfigurationPlatforms) = preSolution
		Debug|Any CPU = Debug|Any CPU
		Release|Any CPU = Release|Any CPU
	EndGlobalSection
	GlobalSection(ProjectConfigurationPlatforms) = postSolution
		{CF7A8985-D3E0-43F6-8225-8F4CF9EB6AC6}.Debug|Any CPU.ActiveCfg = Debug|Any CPU
		{CF7A8985-D3E0-43F6-8225-8F4CF9EB6AC6}.Debug|Any CPU.Build.0 = Debug|Any CPU
		{CF7A8985-D3E0-43F6-8225-8F4CF9EB6AC6}.Release|Any CPU.ActiveCfg = Release|Any CPU
		{CF7A8985-D3E0-43F6-8225-8F4CF9EB6AC6}.Release|Any CPU.Build.0 = Release|Any CPU
		{521D53F8-44EF-4364-B004-9F90D5C775AC}.Debug|Any CPU.ActiveCfg = Debug|Any CPU
		{521D53F8-44EF-4364-B004-9F90D5C775AC}.Debug|Any CPU.Build.0 = Debug|Any CPU
		{521D53F8-44EF-4364-B004-9F90D5C775AC}.Release|Any CPU.ActiveCfg = Release|Any CPU
		{521D53F8-44EF-4364-B004-9F90D5C775AC}.Release|Any CPU.Build.0 = Release|Any CPU
	EndGlobalSection
	GlobalSection(SolutionProperties) = preSolution
		HideSolutionNode = FALSE
	EndGlobalSection
	GlobalSection(ExtensibilityGlobals) = postSolution
		SolutionGuid = {51844394-6D4A-49FE-B0B3-9B66D20A89F0}
	EndGlobalSection
EndGlobal
